
Microsoft Visual Studio Solution File, Format Version 12.00
# Visual Studio 2012
Project("{FAE04EC0-301F-11D3-BF4B-00C04F79EFBC}") = "GameOfLife", "GameOfLife\GameOfLife.csproj", "{A7790033-3FAE-4DDC-8887-C0166E815990}"
EndProject
Global
	GlobalSection(SolutionConfigurationPlatforms) = preSolution
		Debug|x86 = Debug|x86
		Release|x86 = Release|x86
	EndGlobalSection
	GlobalSection(ProjectConfigurationPlatforms) = postSolution
		{A7790033-3FAE-4DDC-8887-C0166E815990}.Debug|x86.ActiveCfg = Debug|x86
		{A7790033-3FAE-4DDC-8887-C0166E815990}.Debug|x86.Build.0 = Debug|x86
		{A7790033-3FAE-4DDC-8887-C0166E815990}.Release|x86.ActiveCfg = Release|x86
		{A7790033-3FAE-4DDC-8887-C0166E815990}.Release|x86.Build.0 = Release|x86
	EndGlobalSection
EndGlobal
